
Microsoft Visual Studio Solution File, Format Version 12.00
# Visual Studio Version 17
VisualStudioVersion = 17.14.36127.28 d17.14
MinimumVisualStudioVersion = 10.0.40219.1
Project("{FAE04EC0-301F-11D3-BF4B-00C04F79EFBC}") = "malshinon", "malshinon.csproj", "{90D8168F-AA38-42FD-92BC-AAF7C0D74BEB}"
EndProject
Global
	GlobalSection(SolutionConfigurationPlatforms) = preSolution
		Debug|Any CPU = Debug|Any CPU
		Release|Any CPU = Release|Any CPU
	EndGlobalSection
	GlobalSection(ProjectConfigurationPlatforms) = postSolution
		{90D8168F-AA38-42FD-92BC-AAF7C0D74BEB}.Debug|Any CPU.ActiveCfg = Debug|Any CPU
		{90D8168F-AA38-42FD-92BC-AAF7C0D74BEB}.Debug|Any CPU.Build.0 = Debug|Any CPU
		{90D8168F-AA38-42FD-92BC-AAF7C0D74BEB}.Release|Any CPU.ActiveCfg = Release|Any CPU
		{90D8168F-AA38-42FD-92BC-AAF7C0D74BEB}.Release|Any CPU.Build.0 = Release|Any CPU
	EndGlobalSection
	GlobalSection(SolutionProperties) = preSolution
		HideSolutionNode = FALSE
	EndGlobalSection
	GlobalSection(ExtensibilityGlobals) = postSolution
		SolutionGuid = {0386F79C-9FB9-4C57-9AB3-210A344BA065}
	EndGlobalSection
EndGlobal
